
Microsoft Visual Studio Solution File, Format Version 12.00
# Visual Studio Version 17
VisualStudioVersion = 17.9.34723.18
MinimumVisualStudioVersion = 10.0.40219.1
Project("{9A19103F-16F7-4668-BE54-9A1E7A4F7556}") = "Entities", "Entities\Entities.csproj", "{407EC489-A875-41D8-8280-4DDC2357F2A0}"
EndProject
Project("{9A19103F-16F7-4668-BE54-9A1E7A4F7556}") = "Business", "Business\Business.csproj", "{4DA7ABC3-9C7C-43DC-AC50-82641E57FF4C}"
EndProject
Project("{FAE04EC0-301F-11D3-BF4B-00C04F79EFBC}") = "Workaround", "Workaround\Workaround.csproj", "{E7B608CB-623F-4B71-8D43-1FF7CE18865D}"
EndProject
Global
	GlobalSection(SolutionConfigurationPlatforms) = preSolution
		Debug|Any CPU = Debug|Any CPU
		Release|Any CPU = Release|Any CPU
	EndGlobalSection
	GlobalSection(ProjectConfigurationPlatforms) = postSolution
		{407EC489-A875-41D8-8280-4DDC2357F2A0}.Debug|Any CPU.ActiveCfg = Debug|Any CPU
		{407EC489-A875-41D8-8280-4DDC2357F2A0}.Debug|Any CPU.Build.0 = Debug|Any CPU
		{407EC489-A875-41D8-8280-4DDC2357F2A0}.Release|Any CPU.ActiveCfg = Release|Any CPU
		{407EC489-A875-41D8-8280-4DDC2357F2A0}.Release|Any CPU.Build.0 = Release|Any CPU
		{4DA7ABC3-9C7C-43DC-AC50-82641E57FF4C}.Debug|Any CPU.ActiveCfg = Debug|Any CPU
		{4DA7ABC3-9C7C-43DC-AC50-82641E57FF4C}.Debug|Any CPU.Build.0 = Debug|Any CPU
		{4DA7ABC3-9C7C-43DC-AC50-82641E57FF4C}.Release|Any CPU.ActiveCfg = Release|Any CPU
		{4DA7ABC3-9C7C-43DC-AC50-82641E57FF4C}.Release|Any CPU.Build.0 = Release|Any CPU
		{E7B608CB-623F-4B71-8D43-1FF7CE18865D}.Debug|Any CPU.ActiveCfg = Debug|Any CPU
		{E7B608CB-623F-4B71-8D43-1FF7CE18865D}.Debug|Any CPU.Build.0 = Debug|Any CPU
		{E7B608CB-623F-4B71-8D43-1FF7CE18865D}.Release|Any CPU.ActiveCfg = Release|Any CPU
		{E7B608CB-623F-4B71-8D43-1FF7CE18865D}.Release|Any CPU.Build.0 = Release|Any CPU
	EndGlobalSection
	GlobalSection(SolutionProperties) = preSolution
		HideSolutionNode = FALSE
	EndGlobalSection
	GlobalSection(ExtensibilityGlobals) = postSolution
		SolutionGuid = {9F63DB84-15FF-41C6-A244-6D642B4F87DE}
	EndGlobalSection
EndGlobal
